
Microsoft Visual Studio Solution File, Format Version 12.00
# Visual Studio Version 16
VisualStudioVersion = 16.0.29613.14
MinimumVisualStudioVersion = 15.0.26124.0
Project("{9A19103F-16F7-4668-BE54-9A1E7A4F7556}") = "VoxelValley.Client", "VoxelValley.Client\VoxelValley.Client.csproj", "{4E9B91C0-C4E6-41DA-8067-6783F4E59A9D}"
EndProject
Project("{9A19103F-16F7-4668-BE54-9A1E7A4F7556}") = "VoxelValley.Common", "VoxelValley.Common\VoxelValley.Common.csproj", "{4AD37669-41AD-47D8-BB19-9215B3A59889}"
EndProject
Project("{9A19103F-16F7-4668-BE54-9A1E7A4F7556}") = "VoxelValley.Server", "VoxelValley.Server\VoxelValley.Server.csproj", "{3C3E06FC-7265-41AA-83BA-1A7B10055023}"
EndProject
Project("{9A19103F-16F7-4668-BE54-9A1E7A4F7556}") = "VoxelValley.Tools", "VoxelValley.Tools\VoxelValley.Tools.csproj", "{59FF48F0-061D-4D46-91FA-891D6EF502ED}"
EndProject
Global
	GlobalSection(SolutionConfigurationPlatforms) = preSolution
		Debug|Any CPU = Debug|Any CPU
		Debug|x64 = Debug|x64
		Debug|x86 = Debug|x86
		Release|Any CPU = Release|Any CPU
		Release|x64 = Release|x64
		Release|x86 = Release|x86
	EndGlobalSection
	GlobalSection(ProjectConfigurationPlatforms) = postSolution
		{4E9B91C0-C4E6-41DA-8067-6783F4E59A9D}.Debug|Any CPU.ActiveCfg = Debug|Any CPU
		{4E9B91C0-C4E6-41DA-8067-6783F4E59A9D}.Debug|Any CPU.Build.0 = Debug|Any CPU
		{4E9B91C0-C4E6-41DA-8067-6783F4E59A9D}.Debug|x64.ActiveCfg = Debug|Any CPU
		{4E9B91C0-C4E6-41DA-8067-6783F4E59A9D}.Debug|x64.Build.0 = Debug|Any CPU
		{4E9B91C0-C4E6-41DA-8067-6783F4E59A9D}.Debug|x86.ActiveCfg = Debug|Any CPU
		{4E9B91C0-C4E6-41DA-8067-6783F4E59A9D}.Debug|x86.Build.0 = Debug|Any CPU
		{4E9B91C0-C4E6-41DA-8067-6783F4E59A9D}.Release|Any CPU.ActiveCfg = Release|Any CPU
		{4E9B91C0-C4E6-41DA-8067-6783F4E59A9D}.Release|Any CPU.Build.0 = Release|Any CPU
		{4E9B91C0-C4E6-41DA-8067-6783F4E59A9D}.Release|x64.ActiveCfg = Release|Any CPU
		{4E9B91C0-C4E6-41DA-8067-6783F4E59A9D}.Release|x64.Build.0 = Release|Any CPU
		{4E9B91C0-C4E6-41DA-8067-6783F4E59A9D}.Release|x86.ActiveCfg = Release|Any CPU
		{4E9B91C0-C4E6-41DA-8067-6783F4E59A9D}.Release|x86.Build.0 = Release|Any CPU
		{4AD37669-41AD-47D8-BB19-9215B3A59889}.Debug|Any CPU.ActiveCfg = Debug|Any CPU
		{4AD37669-41AD-47D8-BB19-9215B3A59889}.Debug|Any CPU.Build.0 = Debug|Any CPU
		{4AD37669-41AD-47D8-BB19-9215B3A59889}.Debug|x64.ActiveCfg = Debug|Any CPU
		{4AD37669-41AD-47D8-BB19-9215B3A59889}.Debug|x64.Build.0 = Debug|Any CPU
		{4AD37669-41AD-47D8-BB19-9215B3A59889}.Debug|x86.ActiveCfg = Debug|Any CPU
		{4AD37669-41AD-47D8-BB19-9215B3A59889}.Debug|x86.Build.0 = Debug|Any CPU
		{4AD37669-41AD-47D8-BB19-9215B3A59889}.Release|Any CPU.ActiveCfg = Release|Any CPU
		{4AD37669-41AD-47D8-BB19-9215B3A59889}.Release|Any CPU.Build.0 = Release|Any CPU
		{4AD37669-41AD-47D8-BB19-9215B3A59889}.Release|x64.ActiveCfg = Release|Any CPU
		{4AD37669-41AD-47D8-BB19-9215B3A59889}.Release|x64.Build.0 = Release|Any CPU
		{4AD37669-41AD-47D8-BB19-9215B3A59889}.Release|x86.ActiveCfg = Release|Any CPU
		{4AD37669-41AD-47D8-BB19-9215B3A59889}.Release|x86.Build.0 = Release|Any CPU
		{3C3E06FC-7265-41AA-83BA-1A7B10055023}.Debug|Any CPU.ActiveCfg = Debug|Any CPU
		{3C3E06FC-7265-41AA-83BA-1A7B10055023}.Debug|Any CPU.Build.0 = Debug|Any CPU
		{3C3E06FC-7265-41AA-83BA-1A7B10055023}.Debug|x64.ActiveCfg = Debug|Any CPU
		{3C3E06FC-7265-41AA-83BA-1A7B10055023}.Debug|x64.Build.0 = Debug|Any CPU
		{3C3E06FC-7265-41AA-83BA-1A7B10055023}.Debug|x86.ActiveCfg = Debug|Any CPU
		{3C3E06FC-7265-41AA-83BA-1A7B10055023}.Debug|x86.Build.0 = Debug|Any CPU
		{3C3E06FC-7265-41AA-83BA-1A7B10055023}.Release|Any CPU.ActiveCfg = Release|Any CPU
		{3C3E06FC-7265-41AA-83BA-1A7B10055023}.Release|Any CPU.Build.0 = Release|Any CPU
		{3C3E06FC-7265-41AA-83BA-1A7B10055023}.Release|x64.ActiveCfg = Release|Any CPU
		{3C3E06FC-7265-41AA-83BA-1A7B10055023}.Release|x64.Build.0 = Release|Any CPU
		{3C3E06FC-7265-41AA-83BA-1A7B10055023}.Release|x86.ActiveCfg = Release|Any CPU
		{3C3E06FC-7265-41AA-83BA-1A7B10055023}.Release|x86.Build.0 = Release|Any CPU
		{59FF48F0-061D-4D46-91FA-891D6EF502ED}.Debug|Any CPU.ActiveCfg = Debug|Any CPU
		{59FF48F0-061D-4D46-91FA-891D6EF502ED}.Debug|Any CPU.Build.0 = Debug|Any CPU
		{59FF48F0-061D-4D46-91FA-891D6EF502ED}.Debug|x64.ActiveCfg = Debug|Any CPU
		{59FF48F0-061D-4D46-91FA-891D6EF502ED}.Debug|x64.Build.0 = Debug|Any CPU
		{59FF48F0-061D-4D46-91FA-891D6EF502ED}.Debug|x86.ActiveCfg = Debug|Any CPU
		{59FF48F0-061D-4D46-91FA-891D6EF502ED}.Debug|x86.Build.0 = Debug|Any CPU
		{59FF48F0-061D-4D46-91FA-891D6EF502ED}.Release|Any CPU.ActiveCfg = Release|Any CPU
		{59FF48F0-061D-4D46-91FA-891D6EF502ED}.Release|Any CPU.Build.0 = Release|Any CPU
		{59FF48F0-061D-4D46-91FA-891D6EF502ED}.Release|x64.ActiveCfg = Release|Any CPU
		{59FF48F0-061D-4D46-91FA-891D6EF502ED}.Release|x64.Build.0 = Release|Any CPU
		{59FF48F0-061D-4D46-91FA-891D6EF502ED}.Release|x86.ActiveCfg = Release|Any CPU
		{59FF48F0-061D-4D46-91FA-891D6EF502ED}.Release|x86.Build.0 = Release|Any CPU
	EndGlobalSection
	GlobalSection(SolutionProperties) = preSolution
		HideSolutionNode = FALSE
	EndGlobalSection
	GlobalSection(ExtensibilityGlobals) = postSolution
		SolutionGuid = {AB6938FE-F5F5-4169-BC1D-1E9D5B14D2AF}
	EndGlobalSection
EndGlobal
